
Microsoft Visual Studio Solution File, Format Version 12.00
# Visual Studio 15
VisualStudioVersion = 15.0.28307.539
MinimumVisualStudioVersion = 10.0.40219.1
Project("{FAE04EC0-301F-11D3-BF4B-00C04F79EFBC}") = "odbc_config", "odbc_config\odbc_config.csproj", "{719361E4-26F6-44EE-A55E-346A2727492D}"
EndProject
Global
	GlobalSection(SolutionConfigurationPlatforms) = preSolution
		Debug|Any CPU = Debug|Any CPU
		Release|Any CPU = Release|Any CPU
	EndGlobalSection
	GlobalSection(ProjectConfigurationPlatforms) = postSolution
		{719361E4-26F6-44EE-A55E-346A2727492D}.Debug|Any CPU.ActiveCfg = Debug|Any CPU
		{719361E4-26F6-44EE-A55E-346A2727492D}.Debug|Any CPU.Build.0 = Debug|Any CPU
		{719361E4-26F6-44EE-A55E-346A2727492D}.Release|Any CPU.ActiveCfg = Release|Any CPU
		{719361E4-26F6-44EE-A55E-346A2727492D}.Release|Any CPU.Build.0 = Release|Any CPU
	EndGlobalSection
	GlobalSection(SolutionProperties) = preSolution
		HideSolutionNode = FALSE
	EndGlobalSection
	GlobalSection(ExtensibilityGlobals) = postSolution
		SolutionGuid = {46B50BDB-4939-4057-B27B-FF21AE483880}
	EndGlobalSection
EndGlobal
